// !$*UTF8*$!
{
	archiveVersion = 1;
	classes = {
	};
	objectVersion = 55;
	objects = {

/* Begin PBXBuildFile section */
		040A4CB7282C349C0016125E /* RemindersApp.swift in Sources */ = {isa = PBXBuildFile; fileRef = 040A4CB6282C349C0016125E /* RemindersApp.swift */; };
		040A4CBB282C349D0016125E /* Assets.xcassets in Resources */ = {isa = PBXBuildFile; fileRef = 040A4CBA282C349D0016125E /* Assets.xcassets */; };
		040A4CBE282C349D0016125E /* Preview Assets.xcassets in Resources */ = {isa = PBXBuildFile; fileRef = 040A4CBD282C349D0016125E /* Preview Assets.xcassets */; };
		040A4CC9282C349D0016125E /* RemindersTests.swift in Sources */ = {isa = PBXBuildFile; fileRef = 040A4CC8282C349D0016125E /* RemindersTests.swift */; };
		040A4CD3282C349D0016125E /* RemindersUITests.swift in Sources */ = {isa = PBXBuildFile; fileRef = 040A4CD2282C349D0016125E /* RemindersUITests.swift */; };
		040A4CD5282C349D0016125E /* RemindersUITestsLaunchTests.swift in Sources */ = {isa = PBXBuildFile; fileRef = 040A4CD4282C349D0016125E /* RemindersUITestsLaunchTests.swift */; };
		040A4CE3282C34D20016125E /* HomeScreen.swift in Sources */ = {isa = PBXBuildFile; fileRef = 040A4CE2282C34D20016125E /* HomeScreen.swift */; };
		040A4CE6282C361A0016125E /* SideBarView.swift in Sources */ = {isa = PBXBuildFile; fileRef = 040A4CE5282C361A0016125E /* SideBarView.swift */; };
		040A4CEC282C393C0016125E /* MyList.swift in Sources */ = {isa = PBXBuildFile; fileRef = 040A4CEB282C393C0016125E /* MyList.swift */; };
		040A4CEF282C3A580016125E /* CoreDataManager.swift in Sources */ = {isa = PBXBuildFile; fileRef = 040A4CEE282C3A580016125E /* CoreDataManager.swift */; };
		040A4CF2282C3FA60016125E /* AddNewListViewModel.swift in Sources */ = {isa = PBXBuildFile; fileRef = 040A4CF1282C3FA60016125E /* AddNewListViewModel.swift */; };
		040A4CF4282C40AE0016125E /* BaseModel.swift in Sources */ = {isa = PBXBuildFile; fileRef = 040A4CF3282C40AE0016125E /* BaseModel.swift */; };
		04574B6F282D3FD700B53965 /* NSColorTransformer.swift in Sources */ = {isa = PBXBuildFile; fileRef = 04574B6E282D3FD700B53965 /* NSColorTransformer.swift */; };
		04574B71282D437300B53965 /* MyListsViewModel.swift in Sources */ = {isa = PBXBuildFile; fileRef = 04574B70282D437300B53965 /* MyListsViewModel.swift */; };
		04574B73282D47BA00B53965 /* MyListViewModel.swift in Sources */ = {isa = PBXBuildFile; fileRef = 04574B72282D47BA00B53965 /* MyListViewModel.swift */; };
		04574B75282D4BD000B53965 /* MyListsView.swift in Sources */ = {isa = PBXBuildFile; fileRef = 04574B74282D4BD000B53965 /* MyListsView.swift */; };
		04574B77282D65A000B53965 /* MyListItemHeaderView.swift in Sources */ = {isa = PBXBuildFile; fileRef = 04574B76282D65A000B53965 /* MyListItemHeaderView.swift */; };
		04574B79282D670D00B53965 /* MyListItemsView.swift in Sources */ = {isa = PBXBuildFile; fileRef = 04574B78282D670D00B53965 /* MyListItemsView.swift */; };
		04574B7B282D686D00B53965 /* MyListItemsViewModel.swift in Sources */ = {isa = PBXBuildFile; fileRef = 04574B7A282D686D00B53965 /* MyListItemsViewModel.swift */; };
		04574B7D282D6F7700B53965 /* DueDate.swift in Sources */ = {isa = PBXBuildFile; fileRef = 04574B7C282D6F7700B53965 /* DueDate.swift */; };
		04574B80282D6FE000B53965 /* Date+Extensions.swift in Sources */ = {isa = PBXBuildFile; fileRef = 04574B7F282D6FE000B53965 /* Date+Extensions.swift */; };
		04574B82282D747900B53965 /* AddNewListItemView.swift in Sources */ = {isa = PBXBuildFile; fileRef = 04574B81282D747900B53965 /* AddNewListItemView.swift */; };
		04574B84282D757A00B53965 /* DueDateSelectionView.swift in Sources */ = {isa = PBXBuildFile; fileRef = 04574B83282D757A00B53965 /* DueDateSelectionView.swift */; };
		04574B86282E2C7E00B53965 /* MyListItem.swift in Sources */ = {isa = PBXBuildFile; fileRef = 04574B85282E2C7E00B53965 /* MyListItem.swift */; };
		04F9BE63282C457000CCCE58 /* ReminderModel.xcdatamodeld in Sources */ = {isa = PBXBuildFile; fileRef = 040A4CF8282C42FC0016125E /* ReminderModel.xcdatamodeld */; };
		04F9BE65282C522100CCCE58 /* AddNewListView.swift in Sources */ = {isa = PBXBuildFile; fileRef = 04F9BE64282C522100CCCE58 /* AddNewListView.swift */; };
		04F9BE67282C532200CCCE58 /* ColorListView.swift in Sources */ = {isa = PBXBuildFile; fileRef = 04F9BE66282C532200CCCE58 /* ColorListView.swift */; };
		04F9BE6A282C542600CCCE58 /* Constants.swift in Sources */ = {isa = PBXBuildFile; fileRef = 04F9BE69282C542600CCCE58 /* Constants.swift */; };
/* End PBXBuildFile section */

/* Begin PBXContainerItemProxy section */
		040A4CC5282C349D0016125E /* PBXContainerItemProxy */ = {
			isa = PBXContainerItemProxy;
			containerPortal = 040A4CAB282C349C0016125E /* Project object */;
			proxyType = 1;
			remoteGlobalIDString = 040A4CB2282C349C0016125E;
			remoteInfo = Reminders;
		};
		040A4CCF282C349D0016125E /* PBXContainerItemProxy */ = {
			isa = PBXContainerItemProxy;
			containerPortal = 040A4CAB282C349C0016125E /* Project object */;
			proxyType = 1;
			remoteGlobalIDString = 040A4CB2282C349C0016125E;
			remoteInfo = Reminders;
		};
/* End PBXContainerItemProxy section */

/* Begin PBXFileReference section */
		040A4CB3282C349C0016125E /* Reminders.app */ = {isa = PBXFileReference; explicitFileType = wrapper.application; includeInIndex = 0; path = Reminders.app; sourceTree = BUILT_PRODUCTS_DIR; };
		040A4CB6282C349C0016125E /* RemindersApp.swift */ = {isa = PBXFileReference; lastKnownFileType = sourcecode.swift; path = RemindersApp.swift; sourceTree = "<group>"; };
		040A4CBA282C349D0016125E /* Assets.xcassets */ = {isa = PBXFileReference; lastKnownFileType = folder.assetcatalog; path = Assets.xcassets; sourceTree = "<group>"; };
		040A4CBD282C349D0016125E /* Preview Assets.xcassets */ = {isa = PBXFileReference; lastKnownFileType = folder.assetcatalog; path = "Preview Assets.xcassets"; sourceTree = "<group>"; };
		040A4CBF282C349D0016125E /* Reminders.entitlements */ = {isa = PBXFileReference; lastKnownFileType = text.plist.entitlements; path = Reminders.entitlements; sourceTree = "<group>"; };
		040A4CC4282C349D0016125E /* RemindersTests.xctest */ = {isa = PBXFileReference; explicitFileType = wrapper.cfbundle; includeInIndex = 0; path = RemindersTests.xctest; sourceTree = BUILT_PRODUCTS_DIR; };
		040A4CC8282C349D0016125E /* RemindersTests.swift */ = {isa = PBXFileReference; lastKnownFileType = sourcecode.swift; path = RemindersTests.swift; sourceTree = "<group>"; };
		040A4CCE282C349D0016125E /* RemindersUITests.xctest */ = {isa = PBXFileReference; explicitFileType = wrapper.cfbundle; includeInIndex = 0; path = RemindersUITests.xctest; sourceTree = BUILT_PRODUCTS_DIR; };
		040A4CD2282C349D0016125E /* RemindersUITests.swift */ = {isa = PBXFileReference; lastKnownFileType = sourcecode.swift; path = RemindersUITests.swift; sourceTree = "<group>"; };
		040A4CD4282C349D0016125E /* RemindersUITestsLaunchTests.swift */ = {isa = PBXFileReference; lastKnownFileType = sourcecode.swift; path = RemindersUITestsLaunchTests.swift; sourceTree = "<group>"; };
		040A4CE2282C34D20016125E /* HomeScreen.swift */ = {isa = PBXFileReference; lastKnownFileType = sourcecode.swift; path = HomeScreen.swift; sourceTree = "<group>"; };
		040A4CE5282C361A0016125E /* SideBarView.swift */ = {isa = PBXFileReference; lastKnownFileType = sourcecode.swift; path = SideBarView.swift; sourceTree = "<group>"; };
		040A4CEB282C393C0016125E /* MyList.swift */ = {isa = PBXFileReference; lastKnownFileType = sourcecode.swift; path = MyList.swift; sourceTree = "<group>"; };
		040A4CEE282C3A580016125E /* CoreDataManager.swift */ = {isa = PBXFileReference; lastKnownFileType = sourcecode.swift; path = CoreDataManager.swift; sourceTree = "<group>"; };
		040A4CF1282C3FA60016125E /* AddNewListViewModel.swift */ = {isa = PBXFileReference; lastKnownFileType = sourcecode.swift; path = AddNewListViewModel.swift; sourceTree = "<group>"; };
		040A4CF3282C40AE0016125E /* BaseModel.swift */ = {isa = PBXFileReference; lastKnownFileType = sourcecode.swift; path = BaseModel.swift; sourceTree = "<group>"; };
		040A4CF9282C42FC0016125E /* ReminderModel.xcdatamodel */ = {isa = PBXFileReference; lastKnownFileType = wrapper.xcdatamodel; path = ReminderModel.xcdatamodel; sourceTree = "<group>"; };
		04574B6E282D3FD700B53965 /* NSColorTransformer.swift */ = {isa = PBXFileReference; lastKnownFileType = sourcecode.swift; path = NSColorTransformer.swift; sourceTree = "<group>"; };
		04574B70282D437300B53965 /* MyListsViewModel.swift */ = {isa = PBXFileReference; lastKnownFileType = sourcecode.swift; path = MyListsViewModel.swift; sourceTree = "<group>"; };
		04574B72282D47BA00B53965 /* MyListViewModel.swift */ = {isa = PBXFileReference; lastKnownFileType = sourcecode.swift; path = MyListViewModel.swift; sourceTree = "<group>"; };
		04574B74282D4BD000B53965 /* MyListsView.swift */ = {isa = PBXFileReference; lastKnownFileType = sourcecode.swift; path = MyListsView.swift; sourceTree = "<group>"; };
		04574B76282D65A000B53965 /* MyListItemHeaderView.swift */ = {isa = PBXFileReference; lastKnownFileType = sourcecode.swift; path = MyListItemHeaderView.swift; sourceTree = "<group>"; };
		04574B78282D670D00B53965 /* MyListItemsView.swift */ = {isa = PBXFileReference; lastKnownFileType = sourcecode.swift; path = MyListItemsView.swift; sourceTree = "<group>"; };
		04574B7A282D686D00B53965 /* MyListItemsViewModel.swift */ = {isa = PBXFileReference; lastKnownFileType = sourcecode.swift; path = MyListItemsViewModel.swift; sourceTree = "<group>"; };
		04574B7C282D6F7700B53965 /* DueDate.swift */ = {isa = PBXFileReference; lastKnownFileType = sourcecode.swift; path = DueDate.swift; sourceTree = "<group>"; };
		04574B7F282D6FE000B53965 /* Date+Extensions.swift */ = {isa = PBXFileReference; lastKnownFileType = sourcecode.swift; path = "Date+Extensions.swift"; sourceTree = "<group>"; };
		04574B81282D747900B53965 /* AddNewListItemView.swift */ = {isa = PBXFileReference; lastKnownFileType = sourcecode.swift; path = AddNewListItemView.swift; sourceTree = "<group>"; };
		04574B83282D757A00B53965 /* DueDateSelectionView.swift */ = {isa = PBXFileReference; lastKnownFileType = sourcecode.swift; path = DueDateSelectionView.swift; sourceTree = "<group>"; };
		04574B85282E2C7E00B53965 /* MyListItem.swift */ = {isa = PBXFileReference; lastKnownFileType = sourcecode.swift; path = MyListItem.swift; sourceTree = "<group>"; };
		04F9BE64282C522100CCCE58 /* AddNewListView.swift */ = {isa = PBXFileReference; lastKnownFileType = sourcecode.swift; path = AddNewListView.swift; sourceTree = "<group>"; };
		04F9BE66282C532200CCCE58 /* ColorListView.swift */ = {isa = PBXFileReference; lastKnownFileType = sourcecode.swift; path = ColorListView.swift; sourceTree = "<group>"; };
		04F9BE69282C542600CCCE58 /* Constants.swift */ = {isa = PBXFileReference; lastKnownFileType = sourcecode.swift; path = Constants.swift; sourceTree = "<group>"; };
/* End PBXFileReference section */

/* Begin PBXFrameworksBuildPhase section */
		040A4CB0282C349C0016125E /* Frameworks */ = {
			isa = PBXFrameworksBuildPhase;
			buildActionMask = 2147483647;
			files = (
			);
			runOnlyForDeploymentPostprocessing = 0;
		};
		040A4CC1282C349D0016125E /* Frameworks */ = {
			isa = PBXFrameworksBuildPhase;
			buildActionMask = 2147483647;
			files = (
			);
			runOnlyForDeploymentPostprocessing = 0;
		};
		040A4CCB282C349D0016125E /* Frameworks */ = {
			isa = PBXFrameworksBuildPhase;
			buildActionMask = 2147483647;
			files = (
			);
			runOnlyForDeploymentPostprocessing = 0;
		};
/* End PBXFrameworksBuildPhase section */

/* Begin PBXGroup section */
		040A4CAA282C349C0016125E = {
			isa = PBXGroup;
			children = (
				040A4CB5282C349C0016125E /* Reminders */,
				040A4CC7282C349D0016125E /* RemindersTests */,
				040A4CD1282C349D0016125E /* RemindersUITests */,
				040A4CB4282C349C0016125E /* Products */,
			);
			sourceTree = "<group>";
		};
		040A4CB4282C349C0016125E /* Products */ = {
			isa = PBXGroup;
			children = (
				040A4CB3282C349C0016125E /* Reminders.app */,
				040A4CC4282C349D0016125E /* RemindersTests.xctest */,
				040A4CCE282C349D0016125E /* RemindersUITests.xctest */,
			);
			name = Products;
			sourceTree = "<group>";
		};
		040A4CB5282C349C0016125E /* Reminders */ = {
			isa = PBXGroup;
			children = (
				04574B7E282D6FCE00B53965 /* Extensions */,
				04574B6D282D3FB400B53965 /* Transformers */,
				04F9BE68282C541800CCCE58 /* Utils */,
				040A4CF0282C3F8E0016125E /* ViewModels */,
				040A4CED282C3A400016125E /* Managers */,
				040A4CEA282C39230016125E /* Models */,
				040A4CE4282C360A0016125E /* Views */,
				040A4CE1282C34B90016125E /* Screens */,
				040A4CB6282C349C0016125E /* RemindersApp.swift */,
				040A4CBA282C349D0016125E /* Assets.xcassets */,
				040A4CBF282C349D0016125E /* Reminders.entitlements */,
				040A4CBC282C349D0016125E /* Preview Content */,
				040A4CF8282C42FC0016125E /* ReminderModel.xcdatamodeld */,
			);
			path = Reminders;
			sourceTree = "<group>";
		};
		040A4CBC282C349D0016125E /* Preview Content */ = {
			isa = PBXGroup;
			children = (
				040A4CBD282C349D0016125E /* Preview Assets.xcassets */,
			);
			path = "Preview Content";
			sourceTree = "<group>";
		};
		040A4CC7282C349D0016125E /* RemindersTests */ = {
			isa = PBXGroup;
			children = (
				040A4CC8282C349D0016125E /* RemindersTests.swift */,
			);
			path = RemindersTests;
			sourceTree = "<group>";
		};
		040A4CD1282C349D0016125E /* RemindersUITests */ = {
			isa = PBXGroup;
			children = (
				040A4CD2282C349D0016125E /* RemindersUITests.swift */,
				040A4CD4282C349D0016125E /* RemindersUITestsLaunchTests.swift */,
			);
			path = RemindersUITests;
			sourceTree = "<group>";
		};
		040A4CE1282C34B90016125E /* Screens */ = {
			isa = PBXGroup;
			children = (
				040A4CE2282C34D20016125E /* HomeScreen.swift */,
			);
			path = Screens;
			sourceTree = "<group>";
		};
		040A4CE4282C360A0016125E /* Views */ = {
			isa = PBXGroup;
			children = (
				040A4CE5282C361A0016125E /* SideBarView.swift */,
				04F9BE64282C522100CCCE58 /* AddNewListView.swift */,
				04F9BE66282C532200CCCE58 /* ColorListView.swift */,
				04574B74282D4BD000B53965 /* MyListsView.swift */,
				04574B76282D65A000B53965 /* MyListItemHeaderView.swift */,
				04574B78282D670D00B53965 /* MyListItemsView.swift */,
				04574B81282D747900B53965 /* AddNewListItemView.swift */,
				04574B83282D757A00B53965 /* DueDateSelectionView.swift */,
			);
			path = Views;
			sourceTree = "<group>";
		};
		040A4CEA282C39230016125E /* Models */ = {
			isa = PBXGroup;
			children = (
				040A4CEB282C393C0016125E /* MyList.swift */,
				040A4CF3282C40AE0016125E /* BaseModel.swift */,
				04574B7C282D6F7700B53965 /* DueDate.swift */,
				04574B85282E2C7E00B53965 /* MyListItem.swift */,
			);
			path = Models;
			sourceTree = "<group>";
		};
		040A4CED282C3A400016125E /* Managers */ = {
			isa = PBXGroup;
			children = (
				040A4CEE282C3A580016125E /* CoreDataManager.swift */,
			);
			path = Managers;
			sourceTree = "<group>";
		};
		040A4CF0282C3F8E0016125E /* ViewModels */ = {
			isa = PBXGroup;
			children = (
				040A4CF1282C3FA60016125E /* AddNewListViewModel.swift */,
				04574B70282D437300B53965 /* MyListsViewModel.swift */,
				04574B72282D47BA00B53965 /* MyListViewModel.swift */,
				04574B7A282D686D00B53965 /* MyListItemsViewModel.swift */,
			);
			path = ViewModels;
			sourceTree = "<group>";
		};
		04574B6D282D3FB400B53965 /* Transformers */ = {
			isa = PBXGroup;
			children = (
				04574B6E282D3FD700B53965 /* NSColorTransformer.swift */,
			);
			path = Transformers;
			sourceTree = "<group>";
		};
		04574B7E282D6FCE00B53965 /* Extensions */ = {
			isa = PBXGroup;
			children = (
				04574B7F282D6FE000B53965 /* Date+Extensions.swift */,
			);
			path = Extensions;
			sourceTree = "<group>";
		};
		04F9BE68282C541800CCCE58 /* Utils */ = {
			isa = PBXGroup;
			children = (
				04F9BE69282C542600CCCE58 /* Constants.swift */,
			);
			path = Utils;
			sourceTree = "<group>";
		};
/* End PBXGroup section */

/* Begin PBXNativeTarget section */
		040A4CB2282C349C0016125E /* Reminders */ = {
			isa = PBXNativeTarget;
			buildConfigurationList = 040A4CD8282C349D0016125E /* Build configuration list for PBXNativeTarget "Reminders" */;
			buildPhases = (
				040A4CAF282C349C0016125E /* Sources */,
				040A4CB0282C349C0016125E /* Frameworks */,
				040A4CB1282C349C0016125E /* Resources */,
			);
			buildRules = (
			);
			dependencies = (
			);
			name = Reminders;
			productName = Reminders;
			productReference = 040A4CB3282C349C0016125E /* Reminders.app */;
			productType = "com.apple.product-type.application";
		};
		040A4CC3282C349D0016125E /* RemindersTests */ = {
			isa = PBXNativeTarget;
			buildConfigurationList = 040A4CDB282C349D0016125E /* Build configuration list for PBXNativeTarget "RemindersTests" */;
			buildPhases = (
				040A4CC0282C349D0016125E /* Sources */,
				040A4CC1282C349D0016125E /* Frameworks */,
				040A4CC2282C349D0016125E /* Resources */,
			);
			buildRules = (
			);
			dependencies = (
				040A4CC6282C349D0016125E /* PBXTargetDependency */,
			);
			name = RemindersTests;
			productName = RemindersTests;
			productReference = 040A4CC4282C349D0016125E /* RemindersTests.xctest */;
			productType = "com.apple.product-type.bundle.unit-test";
		};
		040A4CCD282C349D0016125E /* RemindersUITests */ = {
			isa = PBXNativeTarget;
			buildConfigurationList = 040A4CDE282C349D0016125E /* Build configuration list for PBXNativeTarget "RemindersUITests" */;
			buildPhases = (
				040A4CCA282C349D0016125E /* Sources */,
				040A4CCB282C349D0016125E /* Frameworks */,
				040A4CCC282C349D0016125E /* Resources */,
			);
			buildRules = (
			);
			dependencies = (
				040A4CD0282C349D0016125E /* PBXTargetDependency */,
			);
			name = RemindersUITests;
			productName = RemindersUITests;
			productReference = 040A4CCE282C349D0016125E /* RemindersUITests.xctest */;
			productType = "com.apple.product-type.bundle.ui-testing";
		};
/* End PBXNativeTarget section */

/* Begin PBXProject section */
		040A4CAB282C349C0016125E /* Project object */ = {
			isa = PBXProject;
			attributes = {
				BuildIndependentTargetsInParallel = 1;
				LastSwiftUpdateCheck = 1330;
				LastUpgradeCheck = 1330;
				TargetAttributes = {
					040A4CB2282C349C0016125E = {
						CreatedOnToolsVersion = 13.3;
					};
					040A4CC3282C349D0016125E = {
						CreatedOnToolsVersion = 13.3;
						TestTargetID = 040A4CB2282C349C0016125E;
					};
					040A4CCD282C349D0016125E = {
						CreatedOnToolsVersion = 13.3;
						TestTargetID = 040A4CB2282C349C0016125E;
					};
				};
			};
			buildConfigurationList = 040A4CAE282C349C0016125E /* Build configuration list for PBXProject "Reminders" */;
			compatibilityVersion = "Xcode 13.0";
			developmentRegion = en;
			hasScannedForEncodings = 0;
			knownRegions = (
				en,
				Base,
			);
			mainGroup = 040A4CAA282C349C0016125E;
			productRefGroup = 040A4CB4282C349C0016125E /* Products */;
			projectDirPath = "";
			projectRoot = "";
			targets = (
				040A4CB2282C349C0016125E /* Reminders */,
				040A4CC3282C349D0016125E /* RemindersTests */,
				040A4CCD282C349D0016125E /* RemindersUITests */,
			);
		};
/* End PBXProject section */

/* Begin PBXResourcesBuildPhase section */
		040A4CB1282C349C0016125E /* Resources */ = {
			isa = PBXResourcesBuildPhase;
			buildActionMask = 2147483647;
			files = (
				040A4CBE282C349D0016125E /* Preview Assets.xcassets in Resources */,
				040A4CBB282C349D0016125E /* Assets.xcassets in Resources */,
			);
			runOnlyForDeploymentPostprocessing = 0;
		};
		040A4CC2282C349D0016125E /* Resources */ = {
			isa = PBXResourcesBuildPhase;
			buildActionMask = 2147483647;
			files = (
			);
			runOnlyForDeploymentPostprocessing = 0;
		};
		040A4CCC282C349D0016125E /* Resources */ = {
			isa = PBXResourcesBuildPhase;
			buildActionMask = 2147483647;
			files = (
			);
			runOnlyForDeploymentPostprocessing = 0;
		};
/* End PBXResourcesBuildPhase section */

/* Begin PBXSourcesBuildPhase section */
		040A4CAF282C349C0016125E /* Sources */ = {
			isa = PBXSourcesBuildPhase;
			buildActionMask = 2147483647;
			files = (
				04574B79282D670D00B53965 /* MyListItemsView.swift in Sources */,
				04574B71282D437300B53965 /* MyListsViewModel.swift in Sources */,
				040A4CEF282C3A580016125E /* CoreDataManager.swift in Sources */,
				04574B73282D47BA00B53965 /* MyListViewModel.swift in Sources */,
				04F9BE6A282C542600CCCE58 /* Constants.swift in Sources */,
				04F9BE63282C457000CCCE58 /* ReminderModel.xcdatamodeld in Sources */,
				040A4CF2282C3FA60016125E /* AddNewListViewModel.swift in Sources */,
				04F9BE65282C522100CCCE58 /* AddNewListView.swift in Sources */,
				04574B84282D757A00B53965 /* DueDateSelectionView.swift in Sources */,
				04F9BE67282C532200CCCE58 /* ColorListView.swift in Sources */,
				040A4CE6282C361A0016125E /* SideBarView.swift in Sources */,
				040A4CB7282C349C0016125E /* RemindersApp.swift in Sources */,
				04574B77282D65A000B53965 /* MyListItemHeaderView.swift in Sources */,
				04574B82282D747900B53965 /* AddNewListItemView.swift in Sources */,
				04574B86282E2C7E00B53965 /* MyListItem.swift in Sources */,
				040A4CE3282C34D20016125E /* HomeScreen.swift in Sources */,
				04574B80282D6FE000B53965 /* Date+Extensions.swift in Sources */,
				04574B7D282D6F7700B53965 /* DueDate.swift in Sources */,
				04574B75282D4BD000B53965 /* MyListsView.swift in Sources */,
				040A4CF4282C40AE0016125E /* BaseModel.swift in Sources */,
				04574B6F282D3FD700B53965 /* NSColorTransformer.swift in Sources */,
				040A4CEC282C393C0016125E /* MyList.swift in Sources */,
				04574B7B282D686D00B53965 /* MyListItemsViewModel.swift in Sources */,
			);
			runOnlyForDeploymentPostprocessing = 0;
		};
		040A4CC0282C349D0016125E /* Sources */ = {
			isa = PBXSourcesBuildPhase;
			buildActionMask = 2147483647;
			files = (
				040A4CC9282C349D0016125E /* RemindersTests.swift in Sources */,
			);
			runOnlyForDeploymentPostprocessing = 0;
		};
		040A4CCA282C349D0016125E /* Sources */ = {
			isa = PBXSourcesBuildPhase;
			buildActionMask = 2147483647;
			files = (
				040A4CD5282C349D0016125E /* RemindersUITestsLaunchTests.swift in Sources */,
				040A4CD3282C349D0016125E /* RemindersUITests.swift in Sources */,
			);
			runOnlyForDeploymentPostprocessing = 0;
		};
/* End PBXSourcesBuildPhase section */

/* Begin PBXTargetDependency section */
		040A4CC6282C349D0016125E /* PBXTargetDependency */ = {
			isa = PBXTargetDependency;
			target = 040A4CB2282C349C0016125E /* Reminders */;
			targetProxy = 040A4CC5282C349D0016125E /* PBXContainerItemProxy */;
		};
		040A4CD0282C349D0016125E /* PBXTargetDependency */ = {
			isa = PBXTargetDependency;
			target = 040A4CB2282C349C0016125E /* Reminders */;
			targetProxy = 040A4CCF282C349D0016125E /* PBXContainerItemProxy */;
		};
/* End PBXTargetDependency section */

/* Begin XCBuildConfiguration section */
		040A4CD6282C349D0016125E /* Debug */ = {
			isa = XCBuildConfiguration;
			buildSettings = {
				ALWAYS_SEARCH_USER_PATHS = NO;
				CLANG_ANALYZER_NONNULL = YES;
				CLANG_ANALYZER_NUMBER_OBJECT_CONVERSION = YES_AGGRESSIVE;
				CLANG_CXX_LANGUAGE_STANDARD = "gnu++17";
				CLANG_ENABLE_MODULES = YES;
				CLANG_ENABLE_OBJC_ARC = YES;
				CLANG_ENABLE_OBJC_WEAK = YES;
				CLANG_WARN_BLOCK_CAPTURE_AUTORELEASING = YES;
				CLANG_WARN_BOOL_CONVERSION = YES;
				CLANG_WARN_COMMA = YES;
				CLANG_WARN_CONSTANT_CONVERSION = YES;
				CLANG_WARN_DEPRECATED_OBJC_IMPLEMENTATIONS = YES;
				CLANG_WARN_DIRECT_OBJC_ISA_USAGE = YES_ERROR;
				CLANG_WARN_DOCUMENTATION_COMMENTS = YES;
				CLANG_WARN_EMPTY_BODY = YES;
				CLANG_WARN_ENUM_CONVERSION = YES;
				CLANG_WARN_INFINITE_RECURSION = YES;
				CLANG_WARN_INT_CONVERSION = YES;
				CLANG_WARN_NON_LITERAL_NULL_CONVERSION = YES;
				CLANG_WARN_OBJC_IMPLICIT_RETAIN_SELF = YES;
				CLANG_WARN_OBJC_LITERAL_CONVERSION = YES;
				CLANG_WARN_OBJC_ROOT_CLASS = YES_ERROR;
				CLANG_WARN_QUOTED_INCLUDE_IN_FRAMEWORK_HEADER = YES;
				CLANG_WARN_RANGE_LOOP_ANALYSIS = YES;
				CLANG_WARN_STRICT_PROTOTYPES = YES;
				CLANG_WARN_SUSPICIOUS_MOVE = YES;
				CLANG_WARN_UNGUARDED_AVAILABILITY = YES_AGGRESSIVE;
				CLANG_WARN_UNREACHABLE_CODE = YES;
				CLANG_WARN__DUPLICATE_METHOD_MATCH = YES;
				COPY_PHASE_STRIP = NO;
				DEBUG_INFORMATION_FORMAT = dwarf;
				ENABLE_STRICT_OBJC_MSGSEND = YES;
				ENABLE_TESTABILITY = YES;
				GCC_C_LANGUAGE_STANDARD = gnu11;
				GCC_DYNAMIC_NO_PIC = NO;
				GCC_NO_COMMON_BLOCKS = YES;
				GCC_OPTIMIZATION_LEVEL = 0;
				GCC_PREPROCESSOR_DEFINITIONS = (
					"DEBUG=1",
					"$(inherited)",
				);
				GCC_WARN_64_TO_32_BIT_CONVERSION = YES;
				GCC_WARN_ABOUT_RETURN_TYPE = YES_ERROR;
				GCC_WARN_UNDECLARED_SELECTOR = YES;
				GCC_WARN_UNINITIALIZED_AUTOS = YES_AGGRESSIVE;
				GCC_WARN_UNUSED_FUNCTION = YES;
				GCC_WARN_UNUSED_VARIABLE = YES;
				MACOSX_DEPLOYMENT_TARGET = 12.3;
				MTL_ENABLE_DEBUG_INFO = INCLUDE_SOURCE;
				MTL_FAST_MATH = YES;
				ONLY_ACTIVE_ARCH = YES;
				SDKROOT = macosx;
				SWIFT_ACTIVE_COMPILATION_CONDITIONS = DEBUG;
				SWIFT_OPTIMIZATION_LEVEL = "-Onone";
			};
			name = Debug;
		};
		040A4CD7282C349D0016125E /* Release */ = {
			isa = XCBuildConfiguration;
			buildSettings = {
				ALWAYS_SEARCH_USER_PATHS = NO;
				CLANG_ANALYZER_NONNULL = YES;
				CLANG_ANALYZER_NUMBER_OBJECT_CONVERSION = YES_AGGRESSIVE;
				CLANG_CXX_LANGUAGE_STANDARD = "gnu++17";
				CLANG_ENABLE_MODULES = YES;
				CLANG_ENABLE_OBJC_ARC = YES;
				CLANG_ENABLE_OBJC_WEAK = YES;
				CLANG_WARN_BLOCK_CAPTURE_AUTORELEASING = YES;
				CLANG_WARN_BOOL_CONVERSION = YES;
				CLANG_WARN_COMMA = YES;
				CLANG_WARN_CONSTANT_CONVERSION = YES;
				CLANG_WARN_DEPRECATED_OBJC_IMPLEMENTATIONS = YES;
				CLANG_WARN_DIRECT_OBJC_ISA_USAGE = YES_ERROR;
				CLANG_WARN_DOCUMENTATION_COMMENTS = YES;
				CLANG_WARN_EMPTY_BODY = YES;
				CLANG_WARN_ENUM_CONVERSION = YES;
				CLANG_WARN_INFINITE_RECURSION = YES;
				CLANG_WARN_INT_CONVERSION = YES;
				CLANG_WARN_NON_LITERAL_NULL_CONVERSION = YES;
				CLANG_WARN_OBJC_IMPLICIT_RETAIN_SELF = YES;
				CLANG_WARN_OBJC_LITERAL_CONVERSION = YES;
				CLANG_WARN_OBJC_ROOT_CLASS = YES_ERROR;
				CLANG_WARN_QUOTED_INCLUDE_IN_FRAMEWORK_HEADER = YES;
				CLANG_WARN_RANGE_LOOP_ANALYSIS = YES;
				CLANG_WARN_STRICT_PROTOTYPES = YES;
				CLANG_WARN_SUSPICIOUS_MOVE = YES;
				CLANG_WARN_UNGUARDED_AVAILABILITY = YES_AGGRESSIVE;
				CLANG_WARN_UNREACHABLE_CODE = YES;
				CLANG_WARN__DUPLICATE_METHOD_MATCH = YES;
				COPY_PHASE_STRIP = NO;
				DEBUG_INFORMATION_FORMAT = "dwarf-with-dsym";
				ENABLE_NS_ASSERTIONS = NO;
				ENABLE_STRICT_OBJC_MSGSEND = YES;
				GCC_C_LANGUAGE_STANDARD = gnu11;
				GCC_NO_COMMON_BLOCKS = YES;
				GCC_WARN_64_TO_32_BIT_CONVERSION = YES;
				GCC_WARN_ABOUT_RETURN_TYPE = YES_ERROR;
				GCC_WARN_UNDECLARED_SELECTOR = YES;
				GCC_WARN_UNINITIALIZED_AUTOS = YES_AGGRESSIVE;
				GCC_WARN_UNUSED_FUNCTION = YES;
				GCC_WARN_UNUSED_VARIABLE = YES;
				MACOSX_DEPLOYMENT_TARGET = 12.3;
				MTL_ENABLE_DEBUG_INFO = NO;
				MTL_FAST_MATH = YES;
				SDKROOT = macosx;
				SWIFT_COMPILATION_MODE = wholemodule;
				SWIFT_OPTIMIZATION_LEVEL = "-O";
			};
			name = Release;
		};
		040A4CD9282C349D0016125E /* Debug */ = {
			isa = XCBuildConfiguration;
			buildSettings = {
				ASSETCATALOG_COMPILER_APPICON_NAME = AppIcon;
				ASSETCATALOG_COMPILER_GLOBAL_ACCENT_COLOR_NAME = AccentColor;
				CODE_SIGN_ENTITLEMENTS = Reminders/Reminders.entitlements;
				CODE_SIGN_STYLE = Automatic;
				COMBINE_HIDPI_IMAGES = YES;
				CURRENT_PROJECT_VERSION = 1;
				DEVELOPMENT_ASSET_PATHS = "\"Reminders/Preview Content\"";
				DEVELOPMENT_TEAM = RT32ZWV93X;
				ENABLE_HARDENED_RUNTIME = YES;
				ENABLE_PREVIEWS = YES;
				GENERATE_INFOPLIST_FILE = YES;
				INFOPLIST_KEY_NSHumanReadableCopyright = "";
				LD_RUNPATH_SEARCH_PATHS = (
					"$(inherited)",
					"@executable_path/../Frameworks",
				);
				MARKETING_VERSION = 1.0;
				PRODUCT_BUNDLE_IDENTIFIER = au.com.bitpointx.Reminders;
				PRODUCT_NAME = "$(TARGET_NAME)";
				SWIFT_EMIT_LOC_STRINGS = YES;
				SWIFT_VERSION = 5.0;
			};
			name = Debug;
		};
		040A4CDA282C349D0016125E /* Release */ = {
			isa = XCBuildConfiguration;
			buildSettings = {
				ASSETCATALOG_COMPILER_APPICON_NAME = AppIcon;
				ASSETCATALOG_COMPILER_GLOBAL_ACCENT_COLOR_NAME = AccentColor;
				CODE_SIGN_ENTITLEMENTS = Reminders/Reminders.entitlements;
				CODE_SIGN_STYLE = Automatic;
				COMBINE_HIDPI_IMAGES = YES;
				CURRENT_PROJECT_VERSION = 1;
				DEVELOPMENT_ASSET_PATHS = "\"Reminders/Preview Content\"";
				DEVELOPMENT_TEAM = RT32ZWV93X;
				ENABLE_HARDENED_RUNTIME = YES;
				ENABLE_PREVIEWS = YES;
				GENERATE_INFOPLIST_FILE = YES;
				INFOPLIST_KEY_NSHumanReadableCopyright = "";
				LD_RUNPATH_SEARCH_PATHS = (
					"$(inherited)",
					"@executable_path/../Frameworks",
				);
				MARKETING_VERSION = 1.0;
				PRODUCT_BUNDLE_IDENTIFIER = au.com.bitpointx.Reminders;
				PRODUCT_NAME = "$(TARGET_NAME)";
				SWIFT_EMIT_LOC_STRINGS = YES;
				SWIFT_VERSION = 5.0;
			};
			name = Release;
		};
		040A4CDC282C349D0016125E /* Debug */ = {
			isa = XCBuildConfiguration;
			buildSettings = {
				ALWAYS_EMBED_SWIFT_STANDARD_LIBRARIES = YES;
				BUNDLE_LOADER = "$(TEST_HOST)";
				CODE_SIGN_STYLE = Automatic;
				CURRENT_PROJECT_VERSION = 1;
				DEVELOPMENT_TEAM = RT32ZWV93X;
				GENERATE_INFOPLIST_FILE = YES;
				MACOSX_DEPLOYMENT_TARGET = 12.3;
				MARKETING_VERSION = 1.0;
				PRODUCT_BUNDLE_IDENTIFIER = au.com.bitpointx.RemindersTests;
				PRODUCT_NAME = "$(TARGET_NAME)";
				SWIFT_EMIT_LOC_STRINGS = NO;
				SWIFT_VERSION = 5.0;
				TEST_HOST = "$(BUILT_PRODUCTS_DIR)/Reminders.app/Contents/MacOS/Reminders";
			};
			name = Debug;
		};
		040A4CDD282C349D0016125E /* Release */ = {
			isa = XCBuildConfiguration;
			buildSettings = {
				ALWAYS_EMBED_SWIFT_STANDARD_LIBRARIES = YES;
				BUNDLE_LOADER = "$(TEST_HOST)";
				CODE_SIGN_STYLE = Automatic;
				CURRENT_PROJECT_VERSION = 1;
				DEVELOPMENT_TEAM = RT32ZWV93X;
				GENERATE_INFOPLIST_FILE = YES;
				MACOSX_DEPLOYMENT_TARGET = 12.3;
				MARKETING_VERSION = 1.0;
				PRODUCT_BUNDLE_IDENTIFIER = au.com.bitpointx.RemindersTests;
				PRODUCT_NAME = "$(TARGET_NAME)";
				SWIFT_EMIT_LOC_STRINGS = NO;
				SWIFT_VERSION = 5.0;
				TEST_HOST = "$(BUILT_PRODUCTS_DIR)/Reminders.app/Contents/MacOS/Reminders";
			};
			name = Release;
		};
		040A4CDF282C349D0016125E /* Debug */ = {
			isa = XCBuildConfiguration;
			buildSettings = {
				ALWAYS_EMBED_SWIFT_STANDARD_LIBRARIES = YES;
				CODE_SIGN_STYLE = Automatic;
				CURRENT_PROJECT_VERSION = 1;
				DEVELOPMENT_TEAM = RT32ZWV93X;
				GENERATE_INFOPLIST_FILE = YES;
				MARKETING_VERSION = 1.0;
				PRODUCT_BUNDLE_IDENTIFIER = au.com.bitpointx.RemindersUITests;
				PRODUCT_NAME = "$(TARGET_NAME)";
				SWIFT_EMIT_LOC_STRINGS = NO;
				SWIFT_VERSION = 5.0;
				TEST_TARGET_NAME = Reminders;
			};
			name = Debug;
		};
		040A4CE0282C349D0016125E /* Release */ = {
			isa = XCBuildConfiguration;
			buildSettings = {
				ALWAYS_EMBED_SWIFT_STANDARD_LIBRARIES = YES;
				CODE_SIGN_STYLE = Automatic;
				CURRENT_PROJECT_VERSION = 1;
				DEVELOPMENT_TEAM = RT32ZWV93X;
				GENERATE_INFOPLIST_FILE = YES;
				MARKETING_VERSION = 1.0;
				PRODUCT_BUNDLE_IDENTIFIER = au.com.bitpointx.RemindersUITests;
				PRODUCT_NAME = "$(TARGET_NAME)";
				SWIFT_EMIT_LOC_STRINGS = NO;
				SWIFT_VERSION = 5.0;
				TEST_TARGET_NAME = Reminders;
			};
			name = Release;
		};
/* End XCBuildConfiguration section */

/* Begin XCConfigurationList section */
		040A4CAE282C349C0016125E /* Build configuration list for PBXProject "Reminders" */ = {
			isa = XCConfigurationList;
			buildConfigurations = (
				040A4CD6282C349D0016125E /* Debug */,
				040A4CD7282C349D0016125E /* Release */,
			);
			defaultConfigurationIsVisible = 0;
			defaultConfigurationName = Release;
		};
		040A4CD8282C349D0016125E /* Build configuration list for PBXNativeTarget "Reminders" */ = {
			isa = XCConfigurationList;
			buildConfigurations = (
				040A4CD9282C349D0016125E /* Debug */,
				040A4CDA282C349D0016125E /* Release */,
			);
			defaultConfigurationIsVisible = 0;
			defaultConfigurationName = Release;
		};
		040A4CDB282C349D0016125E /* Build configuration list for PBXNativeTarget "RemindersTests" */ = {
			isa = XCConfigurationList;
			buildConfigurations = (
				040A4CDC282C349D0016125E /* Debug */,
				040A4CDD282C349D0016125E /* Release */,
			);
			defaultConfigurationIsVisible = 0;
			defaultConfigurationName = Release;
		};
		040A4CDE282C349D0016125E /* Build configuration list for PBXNativeTarget "RemindersUITests" */ = {
			isa = XCConfigurationList;
			buildConfigurations = (
				040A4CDF282C349D0016125E /* Debug */,
				040A4CE0282C349D0016125E /* Release */,
			);
			defaultConfigurationIsVisible = 0;
			defaultConfigurationName = Release;
		};
/* End XCConfigurationList section */

/* Begin XCVersionGroup section */
		040A4CF8282C42FC0016125E /* ReminderModel.xcdatamodeld */ = {
			isa = XCVersionGroup;
			children = (
				040A4CF9282C42FC0016125E /* ReminderModel.xcdatamodel */,
			);
			currentVersion = 040A4CF9282C42FC0016125E /* ReminderModel.xcdatamodel */;
			path = ReminderModel.xcdatamodeld;
			sourceTree = "<group>";
			versionGroupType = wrapper.xcdatamodel;
		};
/* End XCVersionGroup section */
	};
	rootObject = 040A4CAB282C349C0016125E /* Project object */;
}
